
Microsoft Visual Studio Solution File, Format Version 12.00
# Visual Studio Version 17
VisualStudioVersion = 17.14.36310.24 d17.14
MinimumVisualStudioVersion = 10.0.40219.1
Project("{FAE04EC0-301F-11D3-BF4B-00C04F79EFBC}") = "Demo_Form1", "Demo_Form1.csproj", "{77B62917-BD5D-4351-90BB-130C04D1F861}"
EndProject
Global
	GlobalSection(SolutionConfigurationPlatforms) = preSolution
		Debug|Any CPU = Debug|Any CPU
		Release|Any CPU = Release|Any CPU
	EndGlobalSection
	GlobalSection(ProjectConfigurationPlatforms) = postSolution
		{77B62917-BD5D-4351-90BB-130C04D1F861}.Debug|Any CPU.ActiveCfg = Debug|Any CPU
		{77B62917-BD5D-4351-90BB-130C04D1F861}.Debug|Any CPU.Build.0 = Debug|Any CPU
		{77B62917-BD5D-4351-90BB-130C04D1F861}.Release|Any CPU.ActiveCfg = Release|Any CPU
		{77B62917-BD5D-4351-90BB-130C04D1F861}.Release|Any CPU.Build.0 = Release|Any CPU
	EndGlobalSection
	GlobalSection(SolutionProperties) = preSolution
		HideSolutionNode = FALSE
	EndGlobalSection
	GlobalSection(ExtensibilityGlobals) = postSolution
		SolutionGuid = {9ED945AC-ACB3-4CDA-B860-14EA8BA56126}
	EndGlobalSection
EndGlobal
